// !$*UTF8*$!
{
	archiveVersion = 1;
	classes = {
	};
	objectVersion = 56;
	objects = {

/* Begin PBXBuildFile section */
		A873AD2D2B60726300B695B3 /* PokemonWorldApp.swift in Sources */ = {isa = PBXBuildFile; fileRef = A873AD2C2B60726300B695B3 /* PokemonWorldApp.swift */; };
		A873AD312B60726500B695B3 /* Assets.xcassets in Resources */ = {isa = PBXBuildFile; fileRef = A873AD302B60726500B695B3 /* Assets.xcassets */; };
		A873AD342B60726500B695B3 /* Preview Assets.xcassets in Resources */ = {isa = PBXBuildFile; fileRef = A873AD332B60726500B695B3 /* Preview Assets.xcassets */; };
		A873AD422B6078F500B695B3 /* MainView.swift in Sources */ = {isa = PBXBuildFile; fileRef = A873AD412B6078F500B695B3 /* MainView.swift */; };
		A873AD442B60793C00B695B3 /* Launch Screen.storyboard in Resources */ = {isa = PBXBuildFile; fileRef = A873AD432B60793C00B695B3 /* Launch Screen.storyboard */; };
		A873AD462B6080A500B695B3 /* Tab.swift in Sources */ = {isa = PBXBuildFile; fileRef = A873AD452B6080A500B695B3 /* Tab.swift */; };
		A873AD482B60830C00B695B3 /* AnimatedTab.swift in Sources */ = {isa = PBXBuildFile; fileRef = A873AD472B60830C00B695B3 /* AnimatedTab.swift */; };
		A873AD4B2B60841100B695B3 /* Theme.xcassets in Resources */ = {isa = PBXBuildFile; fileRef = A873AD4A2B60841100B695B3 /* Theme.xcassets */; };
		A89B18322B627086006505CB /* PokemonDetailViewModel.swift in Sources */ = {isa = PBXBuildFile; fileRef = A89B18312B627086006505CB /* PokemonDetailViewModel.swift */; };
		A89B18352B62B689006505CB /* PokemonWorldCoreData.xcdatamodeld in Sources */ = {isa = PBXBuildFile; fileRef = A89B18332B62B689006505CB /* PokemonWorldCoreData.xcdatamodeld */; };
		A89B18622B62CC08006505CB /* CoreDataManager.swift in Sources */ = {isa = PBXBuildFile; fileRef = A89B18612B62CC08006505CB /* CoreDataManager.swift */; };
		A8C1CFA12B61115F001EF17E /* PokedexTab.swift in Sources */ = {isa = PBXBuildFile; fileRef = A8C1CFA02B61115F001EF17E /* PokedexTab.swift */; };
		A8C1CFA32B611179001EF17E /* ComparisonTab.swift in Sources */ = {isa = PBXBuildFile; fileRef = A8C1CFA22B611179001EF17E /* ComparisonTab.swift */; };
		A8C1CFA52B611196001EF17E /* BackpackTab.swift in Sources */ = {isa = PBXBuildFile; fileRef = A8C1CFA42B611196001EF17E /* BackpackTab.swift */; };
		A8C1CFA72B6111A4001EF17E /* SettingsTab.swift in Sources */ = {isa = PBXBuildFile; fileRef = A8C1CFA62B6111A4001EF17E /* SettingsTab.swift */; };
		A8C1CFA92B61149A001EF17E /* AppConfiguration.swift in Sources */ = {isa = PBXBuildFile; fileRef = A8C1CFA82B61149A001EF17E /* AppConfiguration.swift */; };
		A8C1CFAC2B611678001EF17E /* OnboardingCharacterGender.swift in Sources */ = {isa = PBXBuildFile; fileRef = A8C1CFAB2B611678001EF17E /* OnboardingCharacterGender.swift */; };
		A8C1CFAE2B6117CC001EF17E /* CategoryCard.swift in Sources */ = {isa = PBXBuildFile; fileRef = A8C1CFAD2B6117CC001EF17E /* CategoryCard.swift */; };
		A8C1CFB12B611BAA001EF17E /* Extension+View.swift in Sources */ = {isa = PBXBuildFile; fileRef = A8C1CFB02B611BAA001EF17E /* Extension+View.swift */; };
		A8C1CFB42B611DF3001EF17E /* MainButtonStyle.swift in Sources */ = {isa = PBXBuildFile; fileRef = A8C1CFB32B611DF3001EF17E /* MainButtonStyle.swift */; };
		A8C1CFB62B611EF0001EF17E /* IconButtonStyle.swift in Sources */ = {isa = PBXBuildFile; fileRef = A8C1CFB52B611EF0001EF17E /* IconButtonStyle.swift */; };
		A8C1CFB82B61206C001EF17E /* Gender.swift in Sources */ = {isa = PBXBuildFile; fileRef = A8C1CFB72B61206C001EF17E /* Gender.swift */; };
		A8C1CFBD2B612BB7001EF17E /* APIRequestError.swift in Sources */ = {isa = PBXBuildFile; fileRef = A8C1CFBC2B612BB7001EF17E /* APIRequestError.swift */; };
		A8C1CFBF2B612BDF001EF17E /* APIRouter.swift in Sources */ = {isa = PBXBuildFile; fileRef = A8C1CFBE2B612BDF001EF17E /* APIRouter.swift */; };
		A8C1CFC12B613273001EF17E /* APIRequestDispatcher.swift in Sources */ = {isa = PBXBuildFile; fileRef = A8C1CFC02B613273001EF17E /* APIRequestDispatcher.swift */; };
		A8C1CFC32B6132B6001EF17E /* PokemonRepository.swift in Sources */ = {isa = PBXBuildFile; fileRef = A8C1CFC22B6132B6001EF17E /* PokemonRepository.swift */; };
		A8C1CFC52B61330D001EF17E /* Pokemon.swift in Sources */ = {isa = PBXBuildFile; fileRef = A8C1CFC42B61330D001EF17E /* Pokemon.swift */; };
		A8C1CFC72B613774001EF17E /* PokemonCard.swift in Sources */ = {isa = PBXBuildFile; fileRef = A8C1CFC62B613774001EF17E /* PokemonCard.swift */; };
		A8C1CFC92B613DBC001EF17E /* KeyboardReadable+Extension.swift in Sources */ = {isa = PBXBuildFile; fileRef = A8C1CFC82B613DBC001EF17E /* KeyboardReadable+Extension.swift */; };
		A8C1CFCB2B6140BE001EF17E /* PokemonDetailView.swift in Sources */ = {isa = PBXBuildFile; fileRef = A8C1CFCA2B6140BE001EF17E /* PokemonDetailView.swift */; };
		A8C1CFCD2B614507001EF17E /* OnboardingName.swift in Sources */ = {isa = PBXBuildFile; fileRef = A8C1CFCC2B614507001EF17E /* OnboardingName.swift */; };
		A8C1CFCF2B615289001EF17E /* PokedexViewModel.swift in Sources */ = {isa = PBXBuildFile; fileRef = A8C1CFCE2B615289001EF17E /* PokedexViewModel.swift */; };
		A8C1CFD12B61666D001EF17E /* PokemonDetail.swift in Sources */ = {isa = PBXBuildFile; fileRef = A8C1CFD02B61666D001EF17E /* PokemonDetail.swift */; };
		A8FBB3D72B63B08600DAC487 /* Pokemondetail+Extension.swift in Sources */ = {isa = PBXBuildFile; fileRef = A8FBB3D62B63B08600DAC487 /* Pokemondetail+Extension.swift */; };
/* End PBXBuildFile section */

/* Begin PBXFileReference section */
		A873AD292B60726300B695B3 /* PokemonWorld.app */ = {isa = PBXFileReference; explicitFileType = wrapper.application; includeInIndex = 0; path = PokemonWorld.app; sourceTree = BUILT_PRODUCTS_DIR; };
		A873AD2C2B60726300B695B3 /* PokemonWorldApp.swift */ = {isa = PBXFileReference; lastKnownFileType = sourcecode.swift; path = PokemonWorldApp.swift; sourceTree = "<group>"; };
		A873AD302B60726500B695B3 /* Assets.xcassets */ = {isa = PBXFileReference; lastKnownFileType = folder.assetcatalog; path = Assets.xcassets; sourceTree = "<group>"; };
		A873AD332B60726500B695B3 /* Preview Assets.xcassets */ = {isa = PBXFileReference; lastKnownFileType = folder.assetcatalog; path = "Preview Assets.xcassets"; sourceTree = "<group>"; };
		A873AD412B6078F500B695B3 /* MainView.swift */ = {isa = PBXFileReference; lastKnownFileType = sourcecode.swift; path = MainView.swift; sourceTree = "<group>"; };
		A873AD432B60793C00B695B3 /* Launch Screen.storyboard */ = {isa = PBXFileReference; lastKnownFileType = file.storyboard; path = "Launch Screen.storyboard"; sourceTree = "<group>"; };
		A873AD452B6080A500B695B3 /* Tab.swift */ = {isa = PBXFileReference; lastKnownFileType = sourcecode.swift; path = Tab.swift; sourceTree = "<group>"; };
		A873AD472B60830C00B695B3 /* AnimatedTab.swift */ = {isa = PBXFileReference; lastKnownFileType = sourcecode.swift; path = AnimatedTab.swift; sourceTree = "<group>"; };
		A873AD4A2B60841100B695B3 /* Theme.xcassets */ = {isa = PBXFileReference; lastKnownFileType = folder.assetcatalog; path = Theme.xcassets; sourceTree = "<group>"; };
		A89B18312B627086006505CB /* PokemonDetailViewModel.swift */ = {isa = PBXFileReference; lastKnownFileType = sourcecode.swift; path = PokemonDetailViewModel.swift; sourceTree = "<group>"; };
		A89B18342B62B689006505CB /* PokemonWorldCoreData.xcdatamodel */ = {isa = PBXFileReference; lastKnownFileType = wrapper.xcdatamodel; path = PokemonWorldCoreData.xcdatamodel; sourceTree = "<group>"; };
		A89B18612B62CC08006505CB /* CoreDataManager.swift */ = {isa = PBXFileReference; lastKnownFileType = sourcecode.swift; path = CoreDataManager.swift; sourceTree = "<group>"; };
		A8C1CFA02B61115F001EF17E /* PokedexTab.swift */ = {isa = PBXFileReference; lastKnownFileType = sourcecode.swift; path = PokedexTab.swift; sourceTree = "<group>"; };
		A8C1CFA22B611179001EF17E /* ComparisonTab.swift */ = {isa = PBXFileReference; lastKnownFileType = sourcecode.swift; path = ComparisonTab.swift; sourceTree = "<group>"; };
		A8C1CFA42B611196001EF17E /* BackpackTab.swift */ = {isa = PBXFileReference; lastKnownFileType = sourcecode.swift; path = BackpackTab.swift; sourceTree = "<group>"; };
		A8C1CFA62B6111A4001EF17E /* SettingsTab.swift */ = {isa = PBXFileReference; lastKnownFileType = sourcecode.swift; path = SettingsTab.swift; sourceTree = "<group>"; };
		A8C1CFA82B61149A001EF17E /* AppConfiguration.swift */ = {isa = PBXFileReference; lastKnownFileType = sourcecode.swift; path = AppConfiguration.swift; sourceTree = "<group>"; };
		A8C1CFAB2B611678001EF17E /* OnboardingCharacterGender.swift */ = {isa = PBXFileReference; lastKnownFileType = sourcecode.swift; path = OnboardingCharacterGender.swift; sourceTree = "<group>"; };
		A8C1CFAD2B6117CC001EF17E /* CategoryCard.swift */ = {isa = PBXFileReference; lastKnownFileType = sourcecode.swift; path = CategoryCard.swift; sourceTree = "<group>"; };
		A8C1CFB02B611BAA001EF17E /* Extension+View.swift */ = {isa = PBXFileReference; lastKnownFileType = sourcecode.swift; path = "Extension+View.swift"; sourceTree = "<group>"; };
		A8C1CFB32B611DF3001EF17E /* MainButtonStyle.swift */ = {isa = PBXFileReference; lastKnownFileType = sourcecode.swift; path = MainButtonStyle.swift; sourceTree = "<group>"; };
		A8C1CFB52B611EF0001EF17E /* IconButtonStyle.swift */ = {isa = PBXFileReference; lastKnownFileType = sourcecode.swift; path = IconButtonStyle.swift; sourceTree = "<group>"; };
		A8C1CFB72B61206C001EF17E /* Gender.swift */ = {isa = PBXFileReference; lastKnownFileType = sourcecode.swift; path = Gender.swift; sourceTree = "<group>"; };
		A8C1CFBC2B612BB7001EF17E /* APIRequestError.swift */ = {isa = PBXFileReference; lastKnownFileType = sourcecode.swift; path = APIRequestError.swift; sourceTree = "<group>"; };
		A8C1CFBE2B612BDF001EF17E /* APIRouter.swift */ = {isa = PBXFileReference; lastKnownFileType = sourcecode.swift; path = APIRouter.swift; sourceTree = "<group>"; };
		A8C1CFC02B613273001EF17E /* APIRequestDispatcher.swift */ = {isa = PBXFileReference; lastKnownFileType = sourcecode.swift; path = APIRequestDispatcher.swift; sourceTree = "<group>"; };
		A8C1CFC22B6132B6001EF17E /* PokemonRepository.swift */ = {isa = PBXFileReference; lastKnownFileType = sourcecode.swift; path = PokemonRepository.swift; sourceTree = "<group>"; };
		A8C1CFC42B61330D001EF17E /* Pokemon.swift */ = {isa = PBXFileReference; lastKnownFileType = sourcecode.swift; path = Pokemon.swift; sourceTree = "<group>"; };
		A8C1CFC62B613774001EF17E /* PokemonCard.swift */ = {isa = PBXFileReference; lastKnownFileType = sourcecode.swift; path = PokemonCard.swift; sourceTree = "<group>"; };
		A8C1CFC82B613DBC001EF17E /* KeyboardReadable+Extension.swift */ = {isa = PBXFileReference; lastKnownFileType = sourcecode.swift; path = "KeyboardReadable+Extension.swift"; sourceTree = "<group>"; };
		A8C1CFCA2B6140BE001EF17E /* PokemonDetailView.swift */ = {isa = PBXFileReference; lastKnownFileType = sourcecode.swift; path = PokemonDetailView.swift; sourceTree = "<group>"; };
		A8C1CFCC2B614507001EF17E /* OnboardingName.swift */ = {isa = PBXFileReference; lastKnownFileType = sourcecode.swift; path = OnboardingName.swift; sourceTree = "<group>"; };
		A8C1CFCE2B615289001EF17E /* PokedexViewModel.swift */ = {isa = PBXFileReference; lastKnownFileType = sourcecode.swift; path = PokedexViewModel.swift; sourceTree = "<group>"; };
		A8C1CFD02B61666D001EF17E /* PokemonDetail.swift */ = {isa = PBXFileReference; lastKnownFileType = sourcecode.swift; path = PokemonDetail.swift; sourceTree = "<group>"; };
		A8FBB3D62B63B08600DAC487 /* Pokemondetail+Extension.swift */ = {isa = PBXFileReference; lastKnownFileType = sourcecode.swift; path = "Pokemondetail+Extension.swift"; sourceTree = "<group>"; };
/* End PBXFileReference section */

/* Begin PBXFrameworksBuildPhase section */
		A873AD262B60726300B695B3 /* Frameworks */ = {
			isa = PBXFrameworksBuildPhase;
			buildActionMask = 2147483647;
			files = (
			);
			runOnlyForDeploymentPostprocessing = 0;
		};
/* End PBXFrameworksBuildPhase section */

/* Begin PBXGroup section */
		A873AD202B60726300B695B3 = {
			isa = PBXGroup;
			children = (
				A873AD2B2B60726300B695B3 /* PokemonWorld */,
				A873AD2A2B60726300B695B3 /* Products */,
			);
			sourceTree = "<group>";
		};
		A873AD2A2B60726300B695B3 /* Products */ = {
			isa = PBXGroup;
			children = (
				A873AD292B60726300B695B3 /* PokemonWorld.app */,
			);
			name = Products;
			sourceTree = "<group>";
		};
		A873AD2B2B60726300B695B3 /* PokemonWorld */ = {
			isa = PBXGroup;
			children = (
				A873AD2C2B60726300B695B3 /* PokemonWorldApp.swift */,
				A89B18302B6263DF006505CB /* Data */,
				A873AD3A2B60778200B695B3 /* Network */,
				A873AD3C2B6077A500B695B3 /* Models */,
				A873AD3B2B60779200B695B3 /* ViewModels */,
				A873AD3D2B6077AF00B695B3 /* Views */,
				A873AD3E2B6077B800B695B3 /* Components */,
				A873AD3F2B6077C300B695B3 /* Utils */,
				A8C1CFAF2B611B7D001EF17E /* Extension */,
				A873AD402B6078CC00B695B3 /* Resourses */,
				A873AD322B60726500B695B3 /* Preview Content */,
			);
			path = PokemonWorld;
			sourceTree = "<group>";
		};
		A873AD322B60726500B695B3 /* Preview Content */ = {
			isa = PBXGroup;
			children = (
				A873AD332B60726500B695B3 /* Preview Assets.xcassets */,
			);
			path = "Preview Content";
			sourceTree = "<group>";
		};
		A873AD3A2B60778200B695B3 /* Network */ = {
			isa = PBXGroup;
			children = (
				A8C1CFB92B612B59001EF17E /* Repositories */,
				A8C1CFBA2B612B6A001EF17E /* Models */,
				A8C1CFBB2B612B7B001EF17E /* Helpers */,
			);
			path = Network;
			sourceTree = "<group>";
		};
		A873AD3B2B60779200B695B3 /* ViewModels */ = {
			isa = PBXGroup;
			children = (
				A8C1CFCE2B615289001EF17E /* PokedexViewModel.swift */,
				A89B18312B627086006505CB /* PokemonDetailViewModel.swift */,
			);
			path = ViewModels;
			sourceTree = "<group>";
		};
		A873AD3C2B6077A500B695B3 /* Models */ = {
			isa = PBXGroup;
			children = (
				A873AD492B60831200B695B3 /* Tab */,
				A8C1CFB72B61206C001EF17E /* Gender.swift */,
			);
			path = Models;
			sourceTree = "<group>";
		};
		A873AD3D2B6077AF00B695B3 /* Views */ = {
			isa = PBXGroup;
			children = (
				A873AD432B60793C00B695B3 /* Launch Screen.storyboard */,
				A873AD412B6078F500B695B3 /* MainView.swift */,
				A8C1CFCA2B6140BE001EF17E /* PokemonDetailView.swift */,
				A8C1CF9F2B611148001EF17E /* Tabs */,
				A8C1CFAA2B611643001EF17E /* Onboarding */,
			);
			path = Views;
			sourceTree = "<group>";
		};
		A873AD3E2B6077B800B695B3 /* Components */ = {
			isa = PBXGroup;
			children = (
				A8C1CFAD2B6117CC001EF17E /* CategoryCard.swift */,
				A8C1CFC62B613774001EF17E /* PokemonCard.swift */,
			);
			path = Components;
			sourceTree = "<group>";
		};
		A873AD3F2B6077C300B695B3 /* Utils */ = {
			isa = PBXGroup;
			children = (
				A8C1CFB22B611DE0001EF17E /* ButtonStyles */,
				A8C1CFA82B61149A001EF17E /* AppConfiguration.swift */,
			);
			path = Utils;
			sourceTree = "<group>";
		};
		A873AD402B6078CC00B695B3 /* Resourses */ = {
			isa = PBXGroup;
			children = (
				A873AD302B60726500B695B3 /* Assets.xcassets */,
				A873AD4A2B60841100B695B3 /* Theme.xcassets */,
			);
			path = Resourses;
			sourceTree = "<group>";
		};
		A873AD492B60831200B695B3 /* Tab */ = {
			isa = PBXGroup;
			children = (
				A873AD452B6080A500B695B3 /* Tab.swift */,
				A873AD472B60830C00B695B3 /* AnimatedTab.swift */,
			);
			path = Tab;
			sourceTree = "<group>";
		};
		A89B18302B6263DF006505CB /* Data */ = {
			isa = PBXGroup;
			children = (
				A89B18332B62B689006505CB /* PokemonWorldCoreData.xcdatamodeld */,
				A89B18612B62CC08006505CB /* CoreDataManager.swift */,
			);
			path = Data;
			sourceTree = "<group>";
		};
		A8C1CF9F2B611148001EF17E /* Tabs */ = {
			isa = PBXGroup;
			children = (
				A8C1CFA02B61115F001EF17E /* PokedexTab.swift */,
				A8C1CFA22B611179001EF17E /* ComparisonTab.swift */,
				A8C1CFA42B611196001EF17E /* BackpackTab.swift */,
				A8C1CFA62B6111A4001EF17E /* SettingsTab.swift */,
			);
			path = Tabs;
			sourceTree = "<group>";
		};
		A8C1CFAA2B611643001EF17E /* Onboarding */ = {
			isa = PBXGroup;
			children = (
				A8C1CFAB2B611678001EF17E /* OnboardingCharacterGender.swift */,
				A8C1CFCC2B614507001EF17E /* OnboardingName.swift */,
			);
			path = Onboarding;
			sourceTree = "<group>";
		};
		A8C1CFAF2B611B7D001EF17E /* Extension */ = {
			isa = PBXGroup;
			children = (
				A8C1CFB02B611BAA001EF17E /* Extension+View.swift */,
				A8C1CFC82B613DBC001EF17E /* KeyboardReadable+Extension.swift */,
				A8FBB3D62B63B08600DAC487 /* Pokemondetail+Extension.swift */,
			);
			path = Extension;
			sourceTree = "<group>";
		};
		A8C1CFB22B611DE0001EF17E /* ButtonStyles */ = {
			isa = PBXGroup;
			children = (
				A8C1CFB32B611DF3001EF17E /* MainButtonStyle.swift */,
				A8C1CFB52B611EF0001EF17E /* IconButtonStyle.swift */,
			);
			path = ButtonStyles;
			sourceTree = "<group>";
		};
		A8C1CFB92B612B59001EF17E /* Repositories */ = {
			isa = PBXGroup;
			children = (
				A8C1CFC22B6132B6001EF17E /* PokemonRepository.swift */,
			);
			path = Repositories;
			sourceTree = "<group>";
		};
		A8C1CFBA2B612B6A001EF17E /* Models */ = {
			isa = PBXGroup;
			children = (
				A8C1CFC42B61330D001EF17E /* Pokemon.swift */,
				A8C1CFD02B61666D001EF17E /* PokemonDetail.swift */,
			);
			path = Models;
			sourceTree = "<group>";
		};
		A8C1CFBB2B612B7B001EF17E /* Helpers */ = {
			isa = PBXGroup;
			children = (
				A8C1CFBC2B612BB7001EF17E /* APIRequestError.swift */,
				A8C1CFBE2B612BDF001EF17E /* APIRouter.swift */,
				A8C1CFC02B613273001EF17E /* APIRequestDispatcher.swift */,
			);
			path = Helpers;
			sourceTree = "<group>";
		};
/* End PBXGroup section */

/* Begin PBXNativeTarget section */
		A873AD282B60726300B695B3 /* PokemonWorld */ = {
			isa = PBXNativeTarget;
			buildConfigurationList = A873AD372B60726500B695B3 /* Build configuration list for PBXNativeTarget "PokemonWorld" */;
			buildPhases = (
				A873AD252B60726300B695B3 /* Sources */,
				A873AD262B60726300B695B3 /* Frameworks */,
				A873AD272B60726300B695B3 /* Resources */,
			);
			buildRules = (
			);
			dependencies = (
			);
			name = PokemonWorld;
			productName = PokemonWorld;
			productReference = A873AD292B60726300B695B3 /* PokemonWorld.app */;
			productType = "com.apple.product-type.application";
		};
/* End PBXNativeTarget section */

/* Begin PBXProject section */
		A873AD212B60726300B695B3 /* Project object */ = {
			isa = PBXProject;
			attributes = {
				BuildIndependentTargetsInParallel = 1;
				LastSwiftUpdateCheck = 1520;
				LastUpgradeCheck = 1520;
				TargetAttributes = {
					A873AD282B60726300B695B3 = {
						CreatedOnToolsVersion = 15.2;
					};
				};
			};
			buildConfigurationList = A873AD242B60726300B695B3 /* Build configuration list for PBXProject "PokemonWorld" */;
			compatibilityVersion = "Xcode 14.0";
			developmentRegion = en;
			hasScannedForEncodings = 0;
			knownRegions = (
				en,
				Base,
			);
			mainGroup = A873AD202B60726300B695B3;
			productRefGroup = A873AD2A2B60726300B695B3 /* Products */;
			projectDirPath = "";
			projectRoot = "";
			targets = (
				A873AD282B60726300B695B3 /* PokemonWorld */,
			);
		};
/* End PBXProject section */

/* Begin PBXResourcesBuildPhase section */
		A873AD272B60726300B695B3 /* Resources */ = {
			isa = PBXResourcesBuildPhase;
			buildActionMask = 2147483647;
			files = (
				A873AD442B60793C00B695B3 /* Launch Screen.storyboard in Resources */,
				A873AD4B2B60841100B695B3 /* Theme.xcassets in Resources */,
				A873AD342B60726500B695B3 /* Preview Assets.xcassets in Resources */,
				A873AD312B60726500B695B3 /* Assets.xcassets in Resources */,
			);
			runOnlyForDeploymentPostprocessing = 0;
		};
/* End PBXResourcesBuildPhase section */

/* Begin PBXSourcesBuildPhase section */
		A873AD252B60726300B695B3 /* Sources */ = {
			isa = PBXSourcesBuildPhase;
			buildActionMask = 2147483647;
			files = (
				A8C1CFC92B613DBC001EF17E /* KeyboardReadable+Extension.swift in Sources */,
				A8C1CFA92B61149A001EF17E /* AppConfiguration.swift in Sources */,
				A8C1CFC12B613273001EF17E /* APIRequestDispatcher.swift in Sources */,
				A873AD462B6080A500B695B3 /* Tab.swift in Sources */,
				A8C1CFB42B611DF3001EF17E /* MainButtonStyle.swift in Sources */,
				A89B18322B627086006505CB /* PokemonDetailViewModel.swift in Sources */,
				A873AD422B6078F500B695B3 /* MainView.swift in Sources */,
				A8C1CFC52B61330D001EF17E /* Pokemon.swift in Sources */,
				A8C1CFB62B611EF0001EF17E /* IconButtonStyle.swift in Sources */,
				A8C1CFA72B6111A4001EF17E /* SettingsTab.swift in Sources */,
				A8FBB3D72B63B08600DAC487 /* Pokemondetail+Extension.swift in Sources */,
				A8C1CFB82B61206C001EF17E /* Gender.swift in Sources */,
				A8C1CFA12B61115F001EF17E /* PokedexTab.swift in Sources */,
				A8C1CFCD2B614507001EF17E /* OnboardingName.swift in Sources */,
				A8C1CFCF2B615289001EF17E /* PokedexViewModel.swift in Sources */,
				A8C1CFAC2B611678001EF17E /* OnboardingCharacterGender.swift in Sources */,
				A8C1CFBF2B612BDF001EF17E /* APIRouter.swift in Sources */,
				A8C1CFCB2B6140BE001EF17E /* PokemonDetailView.swift in Sources */,
				A873AD482B60830C00B695B3 /* AnimatedTab.swift in Sources */,
				A8C1CFC72B613774001EF17E /* PokemonCard.swift in Sources */,
				A8C1CFA32B611179001EF17E /* ComparisonTab.swift in Sources */,
				A8C1CFAE2B6117CC001EF17E /* CategoryCard.swift in Sources */,
				A8C1CFC32B6132B6001EF17E /* PokemonRepository.swift in Sources */,
				A8C1CFA52B611196001EF17E /* BackpackTab.swift in Sources */,
				A89B18352B62B689006505CB /* PokemonWorldCoreData.xcdatamodeld in Sources */,
				A89B18622B62CC08006505CB /* CoreDataManager.swift in Sources */,
				A8C1CFBD2B612BB7001EF17E /* APIRequestError.swift in Sources */,
				A8C1CFB12B611BAA001EF17E /* Extension+View.swift in Sources */,
				A8C1CFD12B61666D001EF17E /* PokemonDetail.swift in Sources */,
				A873AD2D2B60726300B695B3 /* PokemonWorldApp.swift in Sources */,
			);
			runOnlyForDeploymentPostprocessing = 0;
		};
/* End PBXSourcesBuildPhase section */

/* Begin XCBuildConfiguration section */
		A873AD352B60726500B695B3 /* Debug */ = {
			isa = XCBuildConfiguration;
			buildSettings = {
				ALWAYS_SEARCH_USER_PATHS = NO;
				ASSETCATALOG_COMPILER_GENERATE_SWIFT_ASSET_SYMBOL_EXTENSIONS = YES;
				CLANG_ANALYZER_NONNULL = YES;
				CLANG_ANALYZER_NUMBER_OBJECT_CONVERSION = YES_AGGRESSIVE;
				CLANG_CXX_LANGUAGE_STANDARD = "gnu++20";
				CLANG_ENABLE_MODULES = YES;
				CLANG_ENABLE_OBJC_ARC = YES;
				CLANG_ENABLE_OBJC_WEAK = YES;
				CLANG_WARN_BLOCK_CAPTURE_AUTORELEASING = YES;
				CLANG_WARN_BOOL_CONVERSION = YES;
				CLANG_WARN_COMMA = YES;
				CLANG_WARN_CONSTANT_CONVERSION = YES;
				CLANG_WARN_DEPRECATED_OBJC_IMPLEMENTATIONS = YES;
				CLANG_WARN_DIRECT_OBJC_ISA_USAGE = YES_ERROR;
				CLANG_WARN_DOCUMENTATION_COMMENTS = YES;
				CLANG_WARN_EMPTY_BODY = YES;
				CLANG_WARN_ENUM_CONVERSION = YES;
				CLANG_WARN_INFINITE_RECURSION = YES;
				CLANG_WARN_INT_CONVERSION = YES;
				CLANG_WARN_NON_LITERAL_NULL_CONVERSION = YES;
				CLANG_WARN_OBJC_IMPLICIT_RETAIN_SELF = YES;
				CLANG_WARN_OBJC_LITERAL_CONVERSION = YES;
				CLANG_WARN_OBJC_ROOT_CLASS = YES_ERROR;
				CLANG_WARN_QUOTED_INCLUDE_IN_FRAMEWORK_HEADER = YES;
				CLANG_WARN_RANGE_LOOP_ANALYSIS = YES;
				CLANG_WARN_STRICT_PROTOTYPES = YES;
				CLANG_WARN_SUSPICIOUS_MOVE = YES;
				CLANG_WARN_UNGUARDED_AVAILABILITY = YES_AGGRESSIVE;
				CLANG_WARN_UNREACHABLE_CODE = YES;
				CLANG_WARN__DUPLICATE_METHOD_MATCH = YES;
				COPY_PHASE_STRIP = NO;
				DEBUG_INFORMATION_FORMAT = dwarf;
				ENABLE_STRICT_OBJC_MSGSEND = YES;
				ENABLE_TESTABILITY = YES;
				ENABLE_USER_SCRIPT_SANDBOXING = YES;
				GCC_C_LANGUAGE_STANDARD = gnu17;
				GCC_DYNAMIC_NO_PIC = NO;
				GCC_NO_COMMON_BLOCKS = YES;
				GCC_OPTIMIZATION_LEVEL = 0;
				GCC_PREPROCESSOR_DEFINITIONS = (
					"DEBUG=1",
					"$(inherited)",
				);
				GCC_WARN_64_TO_32_BIT_CONVERSION = YES;
				GCC_WARN_ABOUT_RETURN_TYPE = YES_ERROR;
				GCC_WARN_UNDECLARED_SELECTOR = YES;
				GCC_WARN_UNINITIALIZED_AUTOS = YES_AGGRESSIVE;
				GCC_WARN_UNUSED_FUNCTION = YES;
				GCC_WARN_UNUSED_VARIABLE = YES;
				IPHONEOS_DEPLOYMENT_TARGET = 17.2;
				LOCALIZATION_PREFERS_STRING_CATALOGS = YES;
				MTL_ENABLE_DEBUG_INFO = INCLUDE_SOURCE;
				MTL_FAST_MATH = YES;
				ONLY_ACTIVE_ARCH = YES;
				SDKROOT = iphoneos;
				SWIFT_ACTIVE_COMPILATION_CONDITIONS = "DEBUG $(inherited)";
				SWIFT_OPTIMIZATION_LEVEL = "-Onone";
			};
			name = Debug;
		};
		A873AD362B60726500B695B3 /* Release */ = {
			isa = XCBuildConfiguration;
			buildSettings = {
				ALWAYS_SEARCH_USER_PATHS = NO;
				ASSETCATALOG_COMPILER_GENERATE_SWIFT_ASSET_SYMBOL_EXTENSIONS = YES;
				CLANG_ANALYZER_NONNULL = YES;
				CLANG_ANALYZER_NUMBER_OBJECT_CONVERSION = YES_AGGRESSIVE;
				CLANG_CXX_LANGUAGE_STANDARD = "gnu++20";
				CLANG_ENABLE_MODULES = YES;
				CLANG_ENABLE_OBJC_ARC = YES;
				CLANG_ENABLE_OBJC_WEAK = YES;
				CLANG_WARN_BLOCK_CAPTURE_AUTORELEASING = YES;
				CLANG_WARN_BOOL_CONVERSION = YES;
				CLANG_WARN_COMMA = YES;
				CLANG_WARN_CONSTANT_CONVERSION = YES;
				CLANG_WARN_DEPRECATED_OBJC_IMPLEMENTATIONS = YES;
				CLANG_WARN_DIRECT_OBJC_ISA_USAGE = YES_ERROR;
				CLANG_WARN_DOCUMENTATION_COMMENTS = YES;
				CLANG_WARN_EMPTY_BODY = YES;
				CLANG_WARN_ENUM_CONVERSION = YES;
				CLANG_WARN_INFINITE_RECURSION = YES;
				CLANG_WARN_INT_CONVERSION = YES;
				CLANG_WARN_NON_LITERAL_NULL_CONVERSION = YES;
				CLANG_WARN_OBJC_IMPLICIT_RETAIN_SELF = YES;
				CLANG_WARN_OBJC_LITERAL_CONVERSION = YES;
				CLANG_WARN_OBJC_ROOT_CLASS = YES_ERROR;
				CLANG_WARN_QUOTED_INCLUDE_IN_FRAMEWORK_HEADER = YES;
				CLANG_WARN_RANGE_LOOP_ANALYSIS = YES;
				CLANG_WARN_STRICT_PROTOTYPES = YES;
				CLANG_WARN_SUSPICIOUS_MOVE = YES;
				CLANG_WARN_UNGUARDED_AVAILABILITY = YES_AGGRESSIVE;
				CLANG_WARN_UNREACHABLE_CODE = YES;
				CLANG_WARN__DUPLICATE_METHOD_MATCH = YES;
				COPY_PHASE_STRIP = NO;
				DEBUG_INFORMATION_FORMAT = "dwarf-with-dsym";
				ENABLE_NS_ASSERTIONS = NO;
				ENABLE_STRICT_OBJC_MSGSEND = YES;
				ENABLE_USER_SCRIPT_SANDBOXING = YES;
				GCC_C_LANGUAGE_STANDARD = gnu17;
				GCC_NO_COMMON_BLOCKS = YES;
				GCC_WARN_64_TO_32_BIT_CONVERSION = YES;
				GCC_WARN_ABOUT_RETURN_TYPE = YES_ERROR;
				GCC_WARN_UNDECLARED_SELECTOR = YES;
				GCC_WARN_UNINITIALIZED_AUTOS = YES_AGGRESSIVE;
				GCC_WARN_UNUSED_FUNCTION = YES;
				GCC_WARN_UNUSED_VARIABLE = YES;
				IPHONEOS_DEPLOYMENT_TARGET = 17.2;
				LOCALIZATION_PREFERS_STRING_CATALOGS = YES;
				MTL_ENABLE_DEBUG_INFO = NO;
				MTL_FAST_MATH = YES;
				SDKROOT = iphoneos;
				SWIFT_COMPILATION_MODE = wholemodule;
				VALIDATE_PRODUCT = YES;
			};
			name = Release;
		};
		A873AD382B60726500B695B3 /* Debug */ = {
			isa = XCBuildConfiguration;
			buildSettings = {
				ASSETCATALOG_COMPILER_APPICON_NAME = AppIcon;
				ASSETCATALOG_COMPILER_GLOBAL_ACCENT_COLOR_NAME = AccentColor;
				CODE_SIGN_STYLE = Automatic;
				CURRENT_PROJECT_VERSION = 1;
				DEVELOPMENT_ASSET_PATHS = "\"PokemonWorld/Preview Content\"";
				DEVELOPMENT_TEAM = 3YB5DT95UW;
				ENABLE_PREVIEWS = YES;
				GENERATE_INFOPLIST_FILE = YES;
				INFOPLIST_KEY_UIApplicationSceneManifest_Generation = YES;
				INFOPLIST_KEY_UIApplicationSupportsIndirectInputEvents = YES;
				INFOPLIST_KEY_UILaunchScreen_Generation = YES;
				INFOPLIST_KEY_UILaunchStoryboardName = "Launch Screen.storyboard";
				INFOPLIST_KEY_UISupportedInterfaceOrientations = UIInterfaceOrientationPortrait;
				INFOPLIST_KEY_UISupportedInterfaceOrientations_iPad = "UIInterfaceOrientationPortrait UIInterfaceOrientationPortraitUpsideDown";
				LD_RUNPATH_SEARCH_PATHS = (
					"$(inherited)",
					"@executable_path/Frameworks",
				);
				MARKETING_VERSION = 1.0;
				PRODUCT_BUNDLE_IDENTIFIER = com.yaroslavchlek.PokemonWorld;
				PRODUCT_NAME = "$(TARGET_NAME)";
				SWIFT_EMIT_LOC_STRINGS = YES;
				SWIFT_VERSION = 5.0;
				TARGETED_DEVICE_FAMILY = "1,2";
			};
			name = Debug;
		};
		A873AD392B60726500B695B3 /* Release */ = {
			isa = XCBuildConfiguration;
			buildSettings = {
				ASSETCATALOG_COMPILER_APPICON_NAME = AppIcon;
				ASSETCATALOG_COMPILER_GLOBAL_ACCENT_COLOR_NAME = AccentColor;
				CODE_SIGN_STYLE = Automatic;
				CURRENT_PROJECT_VERSION = 1;
				DEVELOPMENT_ASSET_PATHS = "\"PokemonWorld/Preview Content\"";
				DEVELOPMENT_TEAM = 3YB5DT95UW;
				ENABLE_PREVIEWS = YES;
				GENERATE_INFOPLIST_FILE = YES;
				INFOPLIST_KEY_UIApplicationSceneManifest_Generation = YES;
				INFOPLIST_KEY_UIApplicationSupportsIndirectInputEvents = YES;
				INFOPLIST_KEY_UILaunchScreen_Generation = YES;
				INFOPLIST_KEY_UILaunchStoryboardName = "Launch Screen.storyboard";
				INFOPLIST_KEY_UISupportedInterfaceOrientations = UIInterfaceOrientationPortrait;
				INFOPLIST_KEY_UISupportedInterfaceOrientations_iPad = "UIInterfaceOrientationPortrait UIInterfaceOrientationPortraitUpsideDown";
				LD_RUNPATH_SEARCH_PATHS = (
					"$(inherited)",
					"@executable_path/Frameworks",
				);
				MARKETING_VERSION = 1.0;
				PRODUCT_BUNDLE_IDENTIFIER = com.yaroslavchlek.PokemonWorld;
				PRODUCT_NAME = "$(TARGET_NAME)";
				SWIFT_EMIT_LOC_STRINGS = YES;
				SWIFT_VERSION = 5.0;
				TARGETED_DEVICE_FAMILY = "1,2";
			};
			name = Release;
		};
/* End XCBuildConfiguration section */

/* Begin XCConfigurationList section */
		A873AD242B60726300B695B3 /* Build configuration list for PBXProject "PokemonWorld" */ = {
			isa = XCConfigurationList;
			buildConfigurations = (
				A873AD352B60726500B695B3 /* Debug */,
				A873AD362B60726500B695B3 /* Release */,
			);
			defaultConfigurationIsVisible = 0;
			defaultConfigurationName = Release;
		};
		A873AD372B60726500B695B3 /* Build configuration list for PBXNativeTarget "PokemonWorld" */ = {
			isa = XCConfigurationList;
			buildConfigurations = (
				A873AD382B60726500B695B3 /* Debug */,
				A873AD392B60726500B695B3 /* Release */,
			);
			defaultConfigurationIsVisible = 0;
			defaultConfigurationName = Release;
		};
/* End XCConfigurationList section */

/* Begin XCVersionGroup section */
		A89B18332B62B689006505CB /* PokemonWorldCoreData.xcdatamodeld */ = {
			isa = XCVersionGroup;
			children = (
				A89B18342B62B689006505CB /* PokemonWorldCoreData.xcdatamodel */,
			);
			currentVersion = A89B18342B62B689006505CB /* PokemonWorldCoreData.xcdatamodel */;
			path = PokemonWorldCoreData.xcdatamodeld;
			sourceTree = "<group>";
			versionGroupType = wrapper.xcdatamodel;
		};
/* End XCVersionGroup section */
	};
	rootObject = A873AD212B60726300B695B3 /* Project object */;
}
